
Microsoft Visual Studio Solution File, Format Version 12.00
# Visual Studio Version 17
VisualStudioVersion = 17.5.002.0
MinimumVisualStudioVersion = 10.0.40219.1
Project("{9A19103F-16F7-4668-BE54-9A1E7A4F7556}") = "Projeto", "Projeto.csproj", "{DE270D94-9D12-4177-8F85-BC9514763406}"
EndProject
Global
	GlobalSection(SolutionConfigurationPlatforms) = preSolution
		Debug|Any CPU = Debug|Any CPU
		Release|Any CPU = Release|Any CPU
	EndGlobalSection
	GlobalSection(ProjectConfigurationPlatforms) = postSolution
		{DE270D94-9D12-4177-8F85-BC9514763406}.Debug|Any CPU.ActiveCfg = Debug|Any CPU
		{DE270D94-9D12-4177-8F85-BC9514763406}.Debug|Any CPU.Build.0 = Debug|Any CPU
		{DE270D94-9D12-4177-8F85-BC9514763406}.Release|Any CPU.ActiveCfg = Release|Any CPU
		{DE270D94-9D12-4177-8F85-BC9514763406}.Release|Any CPU.Build.0 = Release|Any CPU
	EndGlobalSection
	GlobalSection(SolutionProperties) = preSolution
		HideSolutionNode = FALSE
	EndGlobalSection
	GlobalSection(ExtensibilityGlobals) = postSolution
		SolutionGuid = {F01B9FD9-11CD-4F56-ABB8-7DB65B1FCC81}
	EndGlobalSection
EndGlobal
